
Microsoft Visual Studio Solution File, Format Version 12.00
# Visual Studio Version 17
VisualStudioVersion = 17.11.35222.181
MinimumVisualStudioVersion = 10.0.40219.1
Project("{FAE04EC0-301F-11D3-BF4B-00C04F79EFBC}") = "Practic", "Practic\Practic.csproj", "{CC7E39A0-BF9E-4804-96D8-06D643EA1C7E}"
EndProject
Global
	GlobalSection(SolutionConfigurationPlatforms) = preSolution
		Debug|Any CPU = Debug|Any CPU
		Release|Any CPU = Release|Any CPU
	EndGlobalSection
	GlobalSection(ProjectConfigurationPlatforms) = postSolution
		{CC7E39A0-BF9E-4804-96D8-06D643EA1C7E}.Debug|Any CPU.ActiveCfg = Debug|Any CPU
		{CC7E39A0-BF9E-4804-96D8-06D643EA1C7E}.Debug|Any CPU.Build.0 = Debug|Any CPU
		{CC7E39A0-BF9E-4804-96D8-06D643EA1C7E}.Release|Any CPU.ActiveCfg = Release|Any CPU
		{CC7E39A0-BF9E-4804-96D8-06D643EA1C7E}.Release|Any CPU.Build.0 = Release|Any CPU
	EndGlobalSection
	GlobalSection(SolutionProperties) = preSolution
		HideSolutionNode = FALSE
	EndGlobalSection
	GlobalSection(ExtensibilityGlobals) = postSolution
		SolutionGuid = {F13C1FA5-055F-4D07-BAA2-9D6A381CAEC9}
	EndGlobalSection
EndGlobal
